angr==9.2.223
androguard==4.1.4
angrop==9.2.12.post3
capstone==5.0.6
frida-tools==14.10.4
keystone-engine==0.9.2
lief==1.0.0
opencv-python-headless==5.0.0.93
objection==1.12.5
pillow==10.4.0
pylibdmtx==0.1.10
pySSTV==0.5.7
pytesseract==0.3.13
qiling==1.4.6
r2pipe==1.9.8
scipy==1.18.0
unicorn==2.1.2
uncompyle6==3.9.3
z3-solver==4.13.0.0
